// !$*UTF8*$!
{
	archiveVersion = 1;
	classes = {
	};
	objectVersion = 46;
	objects = {

/* Begin PBXBuildFile section */
		1951CB432121918B005D7892 /* talk.png in Resources */ = {isa = PBXBuildFile; fileRef = 1951CB3C2121918A005D7892 /* talk.png */; };
		195AEB68211D070600E5AA04 /* fast.png in Resources */ = {isa = PBXBuildFile; fileRef = 195AEB66211D070600E5AA04 /* fast.png */; };
		195AEB69211D070600E5AA04 /* waiting.jpg in Resources */ = {isa = PBXBuildFile; fileRef = 195AEB67211D070600E5AA04 /* waiting.jpg */; };
		195AEB6B211D082A00E5AA04 /* want.png in Resources */ = {isa = PBXBuildFile; fileRef = 195AEB6A211D082A00E5AA04 /* want.png */; };
		19EE02F0211FDF52008AEC64 /* may.jpg in Resources */ = {isa = PBXBuildFile; fileRef = 19EE02E6211FDF51008AEC64 /* may.jpg */; };
		19EE02F1211FDF52008AEC64 /* need.png in Resources */ = {isa = PBXBuildFile; fileRef = 19EE02ED211FDF51008AEC64 /* need.png */; };
		19EE02F2211FDF52008AEC64 /* should.png in Resources */ = {isa = PBXBuildFile; fileRef = 19EE02EE211FDF51008AEC64 /* should.png */; };
		19EE02F3211FDF52008AEC64 /* can.png in Resources */ = {isa = PBXBuildFile; fileRef = 19EE02EF211FDF52008AEC64 /* can.png */; };
		19EE0306211FF79E008AEC64 /* she.png in Resources */ = {isa = PBXBuildFile; fileRef = 19EE02F9211FF79D008AEC64 /* she.png */; };
		19EE0307211FF79E008AEC64 /* it.png in Resources */ = {isa = PBXBuildFile; fileRef = 19EE0300211FF79D008AEC64 /* it.png */; };
		19EE0308211FF79E008AEC64 /* we.png in Resources */ = {isa = PBXBuildFile; fileRef = 19EE0301211FF79D008AEC64 /* we.png */; };
		19EE0309211FF79E008AEC64 /* they.png in Resources */ = {isa = PBXBuildFile; fileRef = 19EE0302211FF79D008AEC64 /* they.png */; };
		19EE030B211FF79E008AEC64 /* you.png in Resources */ = {isa = PBXBuildFile; fileRef = 19EE0304211FF79E008AEC64 /* you.png */; };
		19EE030C211FF79E008AEC64 /* he.png in Resources */ = {isa = PBXBuildFile; fileRef = 19EE0305211FF79E008AEC64 /* he.png */; };
		1ECD88D6E8328C8E0C4BF8F8 /* Pods_CommunAphasiaTests.framework in Frameworks */ = {isa = PBXBuildFile; fileRef = EFC3CF3A076B9B9ECBF5E986 /* Pods_CommunAphasiaTests.framework */; };
		350128F3A295C53A1CAFF245 /* Pods_CommunAphasia.framework in Frameworks */ = {isa = PBXBuildFile; fileRef = E3BC353A412C7C423E9C949C /* Pods_CommunAphasia.framework */; };
		44856EE920BBD0600035C01A /* sleep.png in Resources */ = {isa = PBXBuildFile; fileRef = 44856EE020BBD0600035C01A /* sleep.png */; };
		44856EEA20BBD0600035C01A /* call.png in Resources */ = {isa = PBXBuildFile; fileRef = 44856EE720BBD0600035C01A /* call.png */; };
		44856EEB20BBD0600035C01A /* eat.png in Resources */ = {isa = PBXBuildFile; fileRef = 44856EE820BBD0600035C01A /* eat.png */; };
		44856EF820BBE8890035C01A /* big.png in Resources */ = {isa = PBXBuildFile; fileRef = 44856EF420BBE8890035C01A /* big.png */; };
		44856EFC20BBF90D0035C01A /* i.jpg in Resources */ = {isa = PBXBuildFile; fileRef = 44856EFB20BBF90D0035C01A /* i.jpg */; };
		524D0BBE20B100A000EC19E7 /* SQLite.framework in Frameworks */ = {isa = PBXBuildFile; fileRef = 524D0BAF20B1004500EC19E7 /* SQLite.framework */; settings = {ATTRIBUTES = (Required, ); }; };
		524D0BBF20B100A000EC19E7 /* SQLite.framework in Embed Frameworks */ = {isa = PBXBuildFile; fileRef = 524D0BAF20B1004500EC19E7 /* SQLite.framework */; settings = {ATTRIBUTES = (CodeSignOnCopy, RemoveHeadersOnCopy, ); }; };
		601DEB6920BA7A7E00FF2778 /* ImageToText.swift in Sources */ = {isa = PBXBuildFile; fileRef = 601DEB6220BA7A7E00FF2778 /* ImageToText.swift */; };
		60249A1F20B91CC100BBC5FC /* images.txt in Resources */ = {isa = PBXBuildFile; fileRef = EDFA3AE920B8ED9100F6DBBD /* images.txt */; };
		C10CBC0F2115557300A66995 /* ImageCell.swift in Sources */ = {isa = PBXBuildFile; fileRef = C10CBC0E2115557300A66995 /* ImageCell.swift */; };
		C1206F2121616CDB000D6411 /* TutorialPopup.swift in Sources */ = {isa = PBXBuildFile; fileRef = C1206F2021616CDB000D6411 /* TutorialPopup.swift */; };
		C153B975211C0011008E5451 /* Tense_ViewController.swift in Sources */ = {isa = PBXBuildFile; fileRef = C153B974211C0011008E5451 /* Tense_ViewController.swift */; };
		C17B6AFB21509A53004E0544 /* ImageInputTutorial.swift in Sources */ = {isa = PBXBuildFile; fileRef = C17B6AFA21509A53004E0544 /* ImageInputTutorial.swift */; };
		C6A703F1BCD7433A51648374 /* Pods_CommunAphasiaUITests.framework in Frameworks */ = {isa = PBXBuildFile; fileRef = A79D07EB33DC05DE37E7F40C /* Pods_CommunAphasiaUITests.framework */; };
		ED27976C20B7C7C0001AF14C /* deer_silhouette.png in Resources */ = {isa = PBXBuildFile; fileRef = ED27976120B7C7C0001AF14C /* deer_silhouette.png */; };
		ED27976D20B7C7C0001AF14C /* cow.png in Resources */ = {isa = PBXBuildFile; fileRef = ED27976220B7C7C0001AF14C /* cow.png */; };
		ED27976E20B7C7C0001AF14C /* image placeholder.png in Resources */ = {isa = PBXBuildFile; fileRef = ED27976320B7C7C0001AF14C /* image placeholder.png */; };
		ED27976F20B7C7C0001AF14C /* tree_silhouette.png in Resources */ = {isa = PBXBuildFile; fileRef = ED27976420B7C7C0001AF14C /* tree_silhouette.png */; };
		ED27977020B7C7C0001AF14C /* cat_silhouette.png in Resources */ = {isa = PBXBuildFile; fileRef = ED27976520B7C7C0001AF14C /* cat_silhouette.png */; };
		ED27977120B7C7C0001AF14C /* basketball.png in Resources */ = {isa = PBXBuildFile; fileRef = ED27976620B7C7C0001AF14C /* basketball.png */; };
		ED27977220B7C7C0001AF14C /* soda_can.png in Resources */ = {isa = PBXBuildFile; fileRef = ED27976720B7C7C0001AF14C /* soda_can.png */; };
		ED27977320B7C7C0001AF14C /* pencil.png in Resources */ = {isa = PBXBuildFile; fileRef = ED27976820B7C7C0001AF14C /* pencil.png */; };
		ED27977420B7C7C0001AF14C /* fish.png in Resources */ = {isa = PBXBuildFile; fileRef = ED27976920B7C7C0001AF14C /* fish.png */; };
		ED4168DA20B7BEAD003B449A /* Utility.swift in Sources */ = {isa = PBXBuildFile; fileRef = ED4168D120B7BEAC003B449A /* Utility.swift */; };
		ED4168DC20B7BEAD003B449A /* TextInput_ViewController.swift in Sources */ = {isa = PBXBuildFile; fileRef = ED4168D420B7BEAC003B449A /* TextInput_ViewController.swift */; };
		ED4168DD20B7BEAD003B449A /* MainMenu_ViewController.swift in Sources */ = {isa = PBXBuildFile; fileRef = ED4168D520B7BEAC003B449A /* MainMenu_ViewController.swift */; };
		ED4168DE20B7BEAD003B449A /* TextResult_ViewController.swift in Sources */ = {isa = PBXBuildFile; fileRef = ED4168D620B7BEAC003B449A /* TextResult_ViewController.swift */; };
		ED4168DF20B7BEAD003B449A /* ImageResult_ViewController.swift in Sources */ = {isa = PBXBuildFile; fileRef = ED4168D720B7BEAC003B449A /* ImageResult_ViewController.swift */; };
		ED4168E020B7BEAD003B449A /* ImageInput_ViewController.swift in Sources */ = {isa = PBXBuildFile; fileRef = ED4168D820B7BEAC003B449A /* ImageInput_ViewController.swift */; };
		ED52CBFA215DDD8D00BFA147 /* VC.swift in Sources */ = {isa = PBXBuildFile; fileRef = ED52CBF9215DDD8D00BFA147 /* VC.swift */; };
		ED52CBFC215DDDB100BFA147 /* VC2.swift in Sources */ = {isa = PBXBuildFile; fileRef = ED52CBFB215DDDB100BFA147 /* VC2.swift */; };
		ED61067320BA4995003C4904 /* SinglePlural_ViewController.swift in Sources */ = {isa = PBXBuildFile; fileRef = ED61067220BA4995003C4904 /* SinglePlural_ViewController.swift */; };
		ED720AC52121859F004A3BA4 /* Animations.swift in Sources */ = {isa = PBXBuildFile; fileRef = ED720AC42121859F004A3BA4 /* Animations.swift */; };
		ED74CAB521194B5100850E9F /* small.png in Resources */ = {isa = PBXBuildFile; fileRef = ED74CAB421194B5100850E9F /* small.png */; };
		ED83F6D2212110180043251E /* love.png in Resources */ = {isa = PBXBuildFile; fileRef = ED83F6C2212110170043251E /* love.png */; };
		ED83F6D3212110180043251E /* thinking.png in Resources */ = {isa = PBXBuildFile; fileRef = ED83F6C9212110170043251E /* thinking.png */; };
		ED83F6D4212110180043251E /* laughing.png in Resources */ = {isa = PBXBuildFile; fileRef = ED83F6CA212110170043251E /* laughing.png */; };
		ED83F6D5212110180043251E /* scared.png in Resources */ = {isa = PBXBuildFile; fileRef = ED83F6CB212110170043251E /* scared.png */; };
		ED83F6D6212110180043251E /* happy.png in Resources */ = {isa = PBXBuildFile; fileRef = ED83F6CC212110170043251E /* happy.png */; };
		ED83F6D7212110180043251E /* surprised.png in Resources */ = {isa = PBXBuildFile; fileRef = ED83F6CD212110170043251E /* surprised.png */; };
		ED83F6D8212110180043251E /* angry.png in Resources */ = {isa = PBXBuildFile; fileRef = ED83F6CE212110180043251E /* angry.png */; };
		ED83F6D9212110180043251E /* sick.png in Resources */ = {isa = PBXBuildFile; fileRef = ED83F6CF212110180043251E /* sick.png */; };
		ED83F6DA212110180043251E /* cool.png in Resources */ = {isa = PBXBuildFile; fileRef = ED83F6D0212110180043251E /* cool.png */; };
		ED83F6DB212110180043251E /* sad.jpg in Resources */ = {isa = PBXBuildFile; fileRef = ED83F6D1212110180043251E /* sad.jpg */; };
		ED83F6DD2121103B0043251E /* sleepy.jpg in Resources */ = {isa = PBXBuildFile; fileRef = ED83F6DC2121103A0043251E /* sleepy.jpg */; };
		ED83F6E821211C5C0043251E /* brown.png in Resources */ = {isa = PBXBuildFile; fileRef = ED83F6DE21211C5B0043251E /* brown.png */; };
		ED83F6E921211C5C0043251E /* red.png in Resources */ = {isa = PBXBuildFile; fileRef = ED83F6DF21211C5B0043251E /* red.png */; };
		ED83F6EA21211C5C0043251E /* black.png in Resources */ = {isa = PBXBuildFile; fileRef = ED83F6E021211C5B0043251E /* black.png */; };
		ED83F6EB21211C5C0043251E /* orange.png in Resources */ = {isa = PBXBuildFile; fileRef = ED83F6E121211C5B0043251E /* orange.png */; };
		ED83F6EC21211C5C0043251E /* pink.png in Resources */ = {isa = PBXBuildFile; fileRef = ED83F6E221211C5B0043251E /* pink.png */; };
		ED83F6ED21211C5C0043251E /* yellow.png in Resources */ = {isa = PBXBuildFile; fileRef = ED83F6E321211C5B0043251E /* yellow.png */; };
		ED83F6EE21211C5C0043251E /* gray.png in Resources */ = {isa = PBXBuildFile; fileRef = ED83F6E421211C5B0043251E /* gray.png */; };
		ED83F6EF21211C5C0043251E /* green.png in Resources */ = {isa = PBXBuildFile; fileRef = ED83F6E521211C5B0043251E /* green.png */; };
		ED83F6F021211C5C0043251E /* white.png in Resources */ = {isa = PBXBuildFile; fileRef = ED83F6E621211C5B0043251E /* white.png */; };
		ED83F6F121211C5C0043251E /* purple.png in Resources */ = {isa = PBXBuildFile; fileRef = ED83F6E721211C5C0043251E /* purple.png */; };
		ED83F6F321211E530043251E /* blue.png in Resources */ = {isa = PBXBuildFile; fileRef = ED83F6F221211E530043251E /* blue.png */; };
		ED83F7032121320D0043251E /* toast.png in Resources */ = {isa = PBXBuildFile; fileRef = ED83F6F62121320C0043251E /* toast.png */; };
		ED83F7042121320D0043251E /* egg.png in Resources */ = {isa = PBXBuildFile; fileRef = ED83F6FD2121320C0043251E /* egg.png */; };
		ED83F7052121320D0043251E /* bacon.png in Resources */ = {isa = PBXBuildFile; fileRef = ED83F6FE2121320C0043251E /* bacon.png */; };
		ED83F7062121320D0043251E /* pancake.png in Resources */ = {isa = PBXBuildFile; fileRef = ED83F6FF2121320D0043251E /* pancake.png */; };
		ED83F7072121320D0043251E /* donut.png in Resources */ = {isa = PBXBuildFile; fileRef = ED83F7002121320D0043251E /* donut.png */; };
		ED83F7082121320D0043251E /* sandwich.png in Resources */ = {isa = PBXBuildFile; fileRef = ED83F7012121320D0043251E /* sandwich.png */; };
		ED83F7092121320D0043251E /* water.png in Resources */ = {isa = PBXBuildFile; fileRef = ED83F7022121320D0043251E /* water.png */; };
		EDA393DF2155EE43000E18F5 /* IPhoneStoryboard.storyboard in Resources */ = {isa = PBXBuildFile; fileRef = EDA393DD2155EE42000E18F5 /* IPhoneStoryboard.storyboard */; };
		EDEEBF7F2117CB6600D46B33 /* Assets.xcassets in Resources */ = {isa = PBXBuildFile; fileRef = EDEEBF782117CB6500D46B33 /* Assets.xcassets */; };
		EDF7206E20AD3FA700675140 /* AppDelegate.swift in Sources */ = {isa = PBXBuildFile; fileRef = EDF7206D20AD3FA700675140 /* AppDelegate.swift */; };
		EDF7207320AD3FA700675140 /* Main.storyboard in Resources */ = {isa = PBXBuildFile; fileRef = EDF7207120AD3FA700675140 /* Main.storyboard */; };
		EDF7207820AD3FA700675140 /* LaunchScreen.storyboard in Resources */ = {isa = PBXBuildFile; fileRef = EDF7207620AD3FA700675140 /* LaunchScreen.storyboard */; };
		EDF7208320AD3FA700675140 /* Aphasia_comTests.swift in Sources */ = {isa = PBXBuildFile; fileRef = EDF7208220AD3FA700675140 /* Aphasia_comTests.swift */; };
		EDF7208E20AD3FA700675140 /* Aphasia_comUITests.swift in Sources */ = {isa = PBXBuildFile; fileRef = EDF7208D20AD3FA700675140 /* Aphasia_comUITests.swift */; };
		EDFA3AE820B8ED6900F6DBBD /* Enums.swift in Sources */ = {isa = PBXBuildFile; fileRef = EDFA3AE120B8ED6800F6DBBD /* Enums.swift */; };
		EDFA3AEA20B8ED9100F6DBBD /* images.txt in Resources */ = {isa = PBXBuildFile; fileRef = EDFA3AE920B8ED9100F6DBBD /* images.txt */; };
		EDFA3AED20B8EF7700F6DBBD /* apple.png in Resources */ = {isa = PBXBuildFile; fileRef = EDFA3AEC20B8EF7600F6DBBD /* apple.png */; };
		EDFA3AEF20B8EF8C00F6DBBD /* car_sedan.png in Resources */ = {isa = PBXBuildFile; fileRef = EDFA3AEE20B8EF8C00F6DBBD /* car_sedan.png */; };
		EDFA3AF120B8EF9500F6DBBD /* food_breakfast.png in Resources */ = {isa = PBXBuildFile; fileRef = EDFA3AF020B8EF9400F6DBBD /* food_breakfast.png */; };
		EDFA3AF320B8EF9900F6DBBD /* food_dinner.png in Resources */ = {isa = PBXBuildFile; fileRef = EDFA3AF220B8EF9900F6DBBD /* food_dinner.png */; };
		EDFA3AF520B8EF9D00F6DBBD /* food_lunch.png in Resources */ = {isa = PBXBuildFile; fileRef = EDFA3AF420B8EF9D00F6DBBD /* food_lunch.png */; };
		EDFA3AF720B8EFB500F6DBBD /* man_silhouette.png in Resources */ = {isa = PBXBuildFile; fileRef = EDFA3AF620B8EFB500F6DBBD /* man_silhouette.png */; };
		EDFA3AF920B8EFB900F6DBBD /* woman_silhouette.png in Resources */ = {isa = PBXBuildFile; fileRef = EDFA3AF820B8EFB900F6DBBD /* woman_silhouette.png */; };
/* End PBXBuildFile section */

/* Begin PBXContainerItemProxy section */
		524D0BAE20B1004500EC19E7 /* PBXContainerItemProxy */ = {
			isa = PBXContainerItemProxy;
			containerPortal = 524D0BA420B1004400EC19E7 /* SQLite.xcodeproj */;
			proxyType = 2;
			remoteGlobalIDString = EE247AD31C3F04ED00AE3E12;
			remoteInfo = "SQLite iOS";
		};
		524D0BB020B1004500EC19E7 /* PBXContainerItemProxy */ = {
			isa = PBXContainerItemProxy;
			containerPortal = 524D0BA420B1004400EC19E7 /* SQLite.xcodeproj */;
			proxyType = 2;
			remoteGlobalIDString = EE247ADD1C3F04ED00AE3E12;
			remoteInfo = "SQLiteTests iOS";
		};
		524D0BB220B1004500EC19E7 /* PBXContainerItemProxy */ = {
			isa = PBXContainerItemProxy;
			containerPortal = 524D0BA420B1004400EC19E7 /* SQLite.xcodeproj */;
			proxyType = 2;
			remoteGlobalIDString = EE247B3C1C3F3ED000AE3E12;
			remoteInfo = "SQLite Mac";
		};
		524D0BB420B1004500EC19E7 /* PBXContainerItemProxy */ = {
			isa = PBXContainerItemProxy;
			containerPortal = 524D0BA420B1004400EC19E7 /* SQLite.xcodeproj */;
			proxyType = 2;
			remoteGlobalIDString = EE247B451C3F3ED000AE3E12;
			remoteInfo = "SQLiteTests Mac";
		};
		524D0BB620B1004500EC19E7 /* PBXContainerItemProxy */ = {
			isa = PBXContainerItemProxy;
			containerPortal = 524D0BA420B1004400EC19E7 /* SQLite.xcodeproj */;
			proxyType = 2;
			remoteGlobalIDString = 03A65E5A1C6BB0F50062603F;
			remoteInfo = "SQLite tvOS";
		};
		524D0BB820B1004500EC19E7 /* PBXContainerItemProxy */ = {
			isa = PBXContainerItemProxy;
			containerPortal = 524D0BA420B1004400EC19E7 /* SQLite.xcodeproj */;
			proxyType = 2;
			remoteGlobalIDString = 03A65E631C6BB0F60062603F;
			remoteInfo = "SQLiteTests tvOS";
		};
		524D0BBA20B1004500EC19E7 /* PBXContainerItemProxy */ = {
			isa = PBXContainerItemProxy;
			containerPortal = 524D0BA420B1004400EC19E7 /* SQLite.xcodeproj */;
			proxyType = 2;
			remoteGlobalIDString = A121AC451CA35C79005A31D1;
			remoteInfo = "SQLite watchOS";
		};
		524D0BC020B100A000EC19E7 /* PBXContainerItemProxy */ = {
			isa = PBXContainerItemProxy;
			containerPortal = 524D0BA420B1004400EC19E7 /* SQLite.xcodeproj */;
			proxyType = 1;
			remoteGlobalIDString = EE247AD21C3F04ED00AE3E12;
			remoteInfo = "SQLite iOS";
		};
		EDF7207F20AD3FA700675140 /* PBXContainerItemProxy */ = {
			isa = PBXContainerItemProxy;
			containerPortal = EDF7206220AD3FA700675140 /* Project object */;
			proxyType = 1;
			remoteGlobalIDString = EDF7206920AD3FA700675140;
			remoteInfo = Aphasia_com;
		};
		EDF7208A20AD3FA700675140 /* PBXContainerItemProxy */ = {
			isa = PBXContainerItemProxy;
			containerPortal = EDF7206220AD3FA700675140 /* Project object */;
			proxyType = 1;
			remoteGlobalIDString = EDF7206920AD3FA700675140;
			remoteInfo = Aphasia_com;
		};
/* End PBXContainerItemProxy section */

/* Begin PBXCopyFilesBuildPhase section */
		524D0BC220B100A100EC19E7 /* Embed Frameworks */ = {
			isa = PBXCopyFilesBuildPhase;
			buildActionMask = 2147483647;
			dstPath = "";
			dstSubfolderSpec = 10;
			files = (
				524D0BBF20B100A000EC19E7 /* SQLite.framework in Embed Frameworks */,
			);
			name = "Embed Frameworks";
			runOnlyForDeploymentPostprocessing = 0;
		};
/* End PBXCopyFilesBuildPhase section */

/* Begin PBXFileReference section */
		0E90579254723A11B7A36217 /* Pods-CommunAphasiaUITests.debug.xcconfig */ = {isa = PBXFileReference; includeInIndex = 1; lastKnownFileType = text.xcconfig; name = "Pods-CommunAphasiaUITests.debug.xcconfig"; path = "Pods/Target Support Files/Pods-CommunAphasiaUITests/Pods-CommunAphasiaUITests.debug.xcconfig"; sourceTree = "<group>"; };
		0FD059D3126CBF970DAE1D24 /* Pods-CommunAphasia.release.xcconfig */ = {isa = PBXFileReference; includeInIndex = 1; lastKnownFileType = text.xcconfig; name = "Pods-CommunAphasia.release.xcconfig"; path = "Pods/Target Support Files/Pods-CommunAphasia/Pods-CommunAphasia.release.xcconfig"; sourceTree = "<group>"; };
		1637827B45069A98D7E57C1E /* Pods-CommunAphasia.debug.xcconfig */ = {isa = PBXFileReference; includeInIndex = 1; lastKnownFileType = text.xcconfig; name = "Pods-CommunAphasia.debug.xcconfig"; path = "Pods/Target Support Files/Pods-CommunAphasia/Pods-CommunAphasia.debug.xcconfig"; sourceTree = "<group>"; };
		1951CB3C2121918A005D7892 /* talk.png */ = {isa = PBXFileReference; lastKnownFileType = image.png; path = talk.png; sourceTree = "<group>"; };
		195AEB66211D070600E5AA04 /* fast.png */ = {isa = PBXFileReference; lastKnownFileType = image.png; path = fast.png; sourceTree = "<group>"; };
		195AEB67211D070600E5AA04 /* waiting.jpg */ = {isa = PBXFileReference; lastKnownFileType = image.jpeg; path = waiting.jpg; sourceTree = "<group>"; };
		195AEB6A211D082A00E5AA04 /* want.png */ = {isa = PBXFileReference; lastKnownFileType = image.png; path = want.png; sourceTree = "<group>"; };
		19EE02E6211FDF51008AEC64 /* may.jpg */ = {isa = PBXFileReference; lastKnownFileType = image.jpeg; name = may.jpg; path = "CommunAphasia/Images/Database images/may.jpg"; sourceTree = SOURCE_ROOT; };
		19EE02ED211FDF51008AEC64 /* need.png */ = {isa = PBXFileReference; lastKnownFileType = image.png; name = need.png; path = "CommunAphasia/Images/Database images/need.png"; sourceTree = SOURCE_ROOT; };
		19EE02EE211FDF51008AEC64 /* should.png */ = {isa = PBXFileReference; lastKnownFileType = image.png; name = should.png; path = "CommunAphasia/Images/Database images/should.png"; sourceTree = SOURCE_ROOT; };
		19EE02EF211FDF52008AEC64 /* can.png */ = {isa = PBXFileReference; lastKnownFileType = image.png; name = can.png; path = "CommunAphasia/Images/Database images/can.png"; sourceTree = SOURCE_ROOT; };
		19EE02F9211FF79D008AEC64 /* she.png */ = {isa = PBXFileReference; lastKnownFileType = image.png; path = she.png; sourceTree = "<group>"; };
		19EE0300211FF79D008AEC64 /* it.png */ = {isa = PBXFileReference; lastKnownFileType = image.png; path = it.png; sourceTree = "<group>"; };
		19EE0301211FF79D008AEC64 /* we.png */ = {isa = PBXFileReference; lastKnownFileType = image.png; path = we.png; sourceTree = "<group>"; };
		19EE0302211FF79D008AEC64 /* they.png */ = {isa = PBXFileReference; lastKnownFileType = image.png; path = they.png; sourceTree = "<group>"; };
		19EE0304211FF79E008AEC64 /* you.png */ = {isa = PBXFileReference; lastKnownFileType = image.png; path = you.png; sourceTree = "<group>"; };
		19EE0305211FF79E008AEC64 /* he.png */ = {isa = PBXFileReference; lastKnownFileType = image.png; path = he.png; sourceTree = "<group>"; };
		2F0F6888C2892AD920636A30 /* Pods-CommunAphasiaTests.debug.xcconfig */ = {isa = PBXFileReference; includeInIndex = 1; lastKnownFileType = text.xcconfig; name = "Pods-CommunAphasiaTests.debug.xcconfig"; path = "Pods/Target Support Files/Pods-CommunAphasiaTests/Pods-CommunAphasiaTests.debug.xcconfig"; sourceTree = "<group>"; };
		44856EE020BBD0600035C01A /* sleep.png */ = {isa = PBXFileReference; lastKnownFileType = image.png; path = sleep.png; sourceTree = "<group>"; };
		44856EE720BBD0600035C01A /* call.png */ = {isa = PBXFileReference; lastKnownFileType = image.png; path = call.png; sourceTree = "<group>"; };
		44856EE820BBD0600035C01A /* eat.png */ = {isa = PBXFileReference; lastKnownFileType = image.png; path = eat.png; sourceTree = "<group>"; };
		44856EF420BBE8890035C01A /* big.png */ = {isa = PBXFileReference; lastKnownFileType = image.png; path = big.png; sourceTree = "<group>"; };
		44856EFB20BBF90D0035C01A /* i.jpg */ = {isa = PBXFileReference; lastKnownFileType = image.jpeg; path = i.jpg; sourceTree = "<group>"; };
		524D0BA420B1004400EC19E7 /* SQLite.xcodeproj */ = {isa = PBXFileReference; lastKnownFileType = "wrapper.pb-project"; name = SQLite.xcodeproj; path = "../../SQLite.swift-master/SQLite.xcodeproj"; sourceTree = "<group>"; };
		601DEB6220BA7A7E00FF2778 /* ImageToText.swift */ = {isa = PBXFileReference; fileEncoding = 4; lastKnownFileType = sourcecode.swift; path = ImageToText.swift; sourceTree = "<group>"; };
		744461CEF0C69985D168A3FD /* Pods-CommunAphasiaTests.release.xcconfig */ = {isa = PBXFileReference; includeInIndex = 1; lastKnownFileType = text.xcconfig; name = "Pods-CommunAphasiaTests.release.xcconfig"; path = "Pods/Target Support Files/Pods-CommunAphasiaTests/Pods-CommunAphasiaTests.release.xcconfig"; sourceTree = "<group>"; };
		7EB385D32A9FEAE503364359 /* Pods-CommunAphasiaUITests.release.xcconfig */ = {isa = PBXFileReference; includeInIndex = 1; lastKnownFileType = text.xcconfig; name = "Pods-CommunAphasiaUITests.release.xcconfig"; path = "Pods/Target Support Files/Pods-CommunAphasiaUITests/Pods-CommunAphasiaUITests.release.xcconfig"; sourceTree = "<group>"; };
		A79D07EB33DC05DE37E7F40C /* Pods_CommunAphasiaUITests.framework */ = {isa = PBXFileReference; explicitFileType = wrapper.framework; includeInIndex = 0; path = Pods_CommunAphasiaUITests.framework; sourceTree = BUILT_PRODUCTS_DIR; };
		C10CBC0E2115557300A66995 /* ImageCell.swift */ = {isa = PBXFileReference; lastKnownFileType = sourcecode.swift; path = ImageCell.swift; sourceTree = "<group>"; };
		C1206F2021616CDB000D6411 /* TutorialPopup.swift */ = {isa = PBXFileReference; lastKnownFileType = sourcecode.swift; path = TutorialPopup.swift; sourceTree = "<group>"; };
		C153B974211C0011008E5451 /* Tense_ViewController.swift */ = {isa = PBXFileReference; lastKnownFileType = sourcecode.swift; path = Tense_ViewController.swift; sourceTree = "<group>"; };
		C17B6AFA21509A53004E0544 /* ImageInputTutorial.swift */ = {isa = PBXFileReference; lastKnownFileType = sourcecode.swift; path = ImageInputTutorial.swift; sourceTree = "<group>"; };
		E3BC353A412C7C423E9C949C /* Pods_CommunAphasia.framework */ = {isa = PBXFileReference; explicitFileType = wrapper.framework; includeInIndex = 0; path = Pods_CommunAphasia.framework; sourceTree = BUILT_PRODUCTS_DIR; };
		ED27976120B7C7C0001AF14C /* deer_silhouette.png */ = {isa = PBXFileReference; lastKnownFileType = image.png; path = deer_silhouette.png; sourceTree = "<group>"; };
		ED27976220B7C7C0001AF14C /* cow.png */ = {isa = PBXFileReference; lastKnownFileType = image.png; path = cow.png; sourceTree = "<group>"; };
		ED27976320B7C7C0001AF14C /* image placeholder.png */ = {isa = PBXFileReference; lastKnownFileType = image.png; path = "image placeholder.png"; sourceTree = "<group>"; };
		ED27976420B7C7C0001AF14C /* tree_silhouette.png */ = {isa = PBXFileReference; lastKnownFileType = image.png; path = tree_silhouette.png; sourceTree = "<group>"; };
		ED27976520B7C7C0001AF14C /* cat_silhouette.png */ = {isa = PBXFileReference; lastKnownFileType = image.png; path = cat_silhouette.png; sourceTree = "<group>"; };
		ED27976620B7C7C0001AF14C /* basketball.png */ = {isa = PBXFileReference; lastKnownFileType = image.png; path = basketball.png; sourceTree = "<group>"; };
		ED27976720B7C7C0001AF14C /* soda_can.png */ = {isa = PBXFileReference; lastKnownFileType = image.png; path = soda_can.png; sourceTree = "<group>"; };
		ED27976820B7C7C0001AF14C /* pencil.png */ = {isa = PBXFileReference; lastKnownFileType = image.png; path = pencil.png; sourceTree = "<group>"; };
		ED27976920B7C7C0001AF14C /* fish.png */ = {isa = PBXFileReference; lastKnownFileType = image.png; path = fish.png; sourceTree = "<group>"; };
		ED4168D120B7BEAC003B449A /* Utility.swift */ = {isa = PBXFileReference; fileEncoding = 4; lastKnownFileType = sourcecode.swift; path = Utility.swift; sourceTree = "<group>"; };
		ED4168D420B7BEAC003B449A /* TextInput_ViewController.swift */ = {isa = PBXFileReference; fileEncoding = 4; lastKnownFileType = sourcecode.swift; path = TextInput_ViewController.swift; sourceTree = "<group>"; };
		ED4168D520B7BEAC003B449A /* MainMenu_ViewController.swift */ = {isa = PBXFileReference; fileEncoding = 4; lastKnownFileType = sourcecode.swift; path = MainMenu_ViewController.swift; sourceTree = "<group>"; };
		ED4168D620B7BEAC003B449A /* TextResult_ViewController.swift */ = {isa = PBXFileReference; fileEncoding = 4; lastKnownFileType = sourcecode.swift; path = TextResult_ViewController.swift; sourceTree = "<group>"; };
		ED4168D720B7BEAC003B449A /* ImageResult_ViewController.swift */ = {isa = PBXFileReference; fileEncoding = 4; lastKnownFileType = sourcecode.swift; path = ImageResult_ViewController.swift; sourceTree = "<group>"; };
		ED4168D820B7BEAC003B449A /* ImageInput_ViewController.swift */ = {isa = PBXFileReference; fileEncoding = 4; lastKnownFileType = sourcecode.swift; path = ImageInput_ViewController.swift; sourceTree = "<group>"; };
		ED52CBF9215DDD8D00BFA147 /* VC.swift */ = {isa = PBXFileReference; lastKnownFileType = sourcecode.swift; path = VC.swift; sourceTree = "<group>"; };
		ED52CBFB215DDDB100BFA147 /* VC2.swift */ = {isa = PBXFileReference; lastKnownFileType = sourcecode.swift; path = VC2.swift; sourceTree = "<group>"; };
		ED61067220BA4995003C4904 /* SinglePlural_ViewController.swift */ = {isa = PBXFileReference; lastKnownFileType = sourcecode.swift; path = SinglePlural_ViewController.swift; sourceTree = "<group>"; };
		ED720AC42121859F004A3BA4 /* Animations.swift */ = {isa = PBXFileReference; lastKnownFileType = sourcecode.swift; name = Animations.swift; path = "CommunAphasia/ScriptsFolder/UI Scripts/Animations.swift"; sourceTree = SOURCE_ROOT; };
		ED74CAB421194B5100850E9F /* small.png */ = {isa = PBXFileReference; lastKnownFileType = image.png; path = small.png; sourceTree = "<group>"; };
		ED83F6C2212110170043251E /* love.png */ = {isa = PBXFileReference; lastKnownFileType = image.png; path = love.png; sourceTree = "<group>"; };
		ED83F6C9212110170043251E /* thinking.png */ = {isa = PBXFileReference; lastKnownFileType = image.png; path = thinking.png; sourceTree = "<group>"; };
		ED83F6CA212110170043251E /* laughing.png */ = {isa = PBXFileReference; lastKnownFileType = image.png; path = laughing.png; sourceTree = "<group>"; };
		ED83F6CB212110170043251E /* scared.png */ = {isa = PBXFileReference; lastKnownFileType = image.png; path = scared.png; sourceTree = "<group>"; };
		ED83F6CC212110170043251E /* happy.png */ = {isa = PBXFileReference; lastKnownFileType = image.png; path = happy.png; sourceTree = "<group>"; };
		ED83F6CD212110170043251E /* surprised.png */ = {isa = PBXFileReference; lastKnownFileType = image.png; path = surprised.png; sourceTree = "<group>"; };
		ED83F6CE212110180043251E /* angry.png */ = {isa = PBXFileReference; lastKnownFileType = image.png; path = angry.png; sourceTree = "<group>"; };
		ED83F6CF212110180043251E /* sick.png */ = {isa = PBXFileReference; lastKnownFileType = image.png; path = sick.png; sourceTree = "<group>"; };
		ED83F6D0212110180043251E /* cool.png */ = {isa = PBXFileReference; lastKnownFileType = image.png; path = cool.png; sourceTree = "<group>"; };
		ED83F6D1212110180043251E /* sad.jpg */ = {isa = PBXFileReference; lastKnownFileType = image.jpeg; path = sad.jpg; sourceTree = "<group>"; };
		ED83F6DC2121103A0043251E /* sleepy.jpg */ = {isa = PBXFileReference; lastKnownFileType = image.jpeg; path = sleepy.jpg; sourceTree = "<group>"; };
		ED83F6DE21211C5B0043251E /* brown.png */ = {isa = PBXFileReference; lastKnownFileType = image.png; path = brown.png; sourceTree = "<group>"; };
		ED83F6DF21211C5B0043251E /* red.png */ = {isa = PBXFileReference; lastKnownFileType = image.png; path = red.png; sourceTree = "<group>"; };
		ED83F6E021211C5B0043251E /* black.png */ = {isa = PBXFileReference; lastKnownFileType = image.png; path = black.png; sourceTree = "<group>"; };
		ED83F6E121211C5B0043251E /* orange.png */ = {isa = PBXFileReference; lastKnownFileType = image.png; path = orange.png; sourceTree = "<group>"; };
		ED83F6E221211C5B0043251E /* pink.png */ = {isa = PBXFileReference; lastKnownFileType = image.png; path = pink.png; sourceTree = "<group>"; };
		ED83F6E321211C5B0043251E /* yellow.png */ = {isa = PBXFileReference; lastKnownFileType = image.png; path = yellow.png; sourceTree = "<group>"; };
		ED83F6E421211C5B0043251E /* gray.png */ = {isa = PBXFileReference; lastKnownFileType = image.png; path = gray.png; sourceTree = "<group>"; };
		ED83F6E521211C5B0043251E /* green.png */ = {isa = PBXFileReference; lastKnownFileType = image.png; path = green.png; sourceTree = "<group>"; };
		ED83F6E621211C5B0043251E /* white.png */ = {isa = PBXFileReference; lastKnownFileType = image.png; path = white.png; sourceTree = "<group>"; };
		ED83F6E721211C5C0043251E /* purple.png */ = {isa = PBXFileReference; lastKnownFileType = image.png; path = purple.png; sourceTree = "<group>"; };
		ED83F6F221211E530043251E /* blue.png */ = {isa = PBXFileReference; lastKnownFileType = image.png; path = blue.png; sourceTree = "<group>"; };
		ED83F6F62121320C0043251E /* toast.png */ = {isa = PBXFileReference; lastKnownFileType = image.png; path = toast.png; sourceTree = "<group>"; };
		ED83F6FD2121320C0043251E /* egg.png */ = {isa = PBXFileReference; lastKnownFileType = image.png; path = egg.png; sourceTree = "<group>"; };
		ED83F6FE2121320C0043251E /* bacon.png */ = {isa = PBXFileReference; lastKnownFileType = image.png; path = bacon.png; sourceTree = "<group>"; };
		ED83F6FF2121320D0043251E /* pancake.png */ = {isa = PBXFileReference; lastKnownFileType = image.png; path = pancake.png; sourceTree = "<group>"; };
		ED83F7002121320D0043251E /* donut.png */ = {isa = PBXFileReference; lastKnownFileType = image.png; path = donut.png; sourceTree = "<group>"; };
		ED83F7012121320D0043251E /* sandwich.png */ = {isa = PBXFileReference; lastKnownFileType = image.png; path = sandwich.png; sourceTree = "<group>"; };
		ED83F7022121320D0043251E /* water.png */ = {isa = PBXFileReference; lastKnownFileType = image.png; path = water.png; sourceTree = "<group>"; };
		EDA393DE2155EE42000E18F5 /* Base */ = {isa = PBXFileReference; lastKnownFileType = file.storyboard; name = Base; path = Base.lproj/IPhoneStoryboard.storyboard; sourceTree = "<group>"; };
		EDEEBF782117CB6500D46B33 /* Assets.xcassets */ = {isa = PBXFileReference; lastKnownFileType = folder.assetcatalog; path = Assets.xcassets; sourceTree = "<group>"; };
		EDF7206A20AD3FA700675140 /* CommunAphasia.app */ = {isa = PBXFileReference; explicitFileType = wrapper.application; includeInIndex = 0; path = CommunAphasia.app; sourceTree = BUILT_PRODUCTS_DIR; };
		EDF7206D20AD3FA700675140 /* AppDelegate.swift */ = {isa = PBXFileReference; lastKnownFileType = sourcecode.swift; path = AppDelegate.swift; sourceTree = "<group>"; };
		EDF7207220AD3FA700675140 /* Base */ = {isa = PBXFileReference; lastKnownFileType = file.storyboard; name = Base; path = Base.lproj/Main.storyboard; sourceTree = "<group>"; };
		EDF7207720AD3FA700675140 /* Base */ = {isa = PBXFileReference; lastKnownFileType = file.storyboard; name = Base; path = Base.lproj/LaunchScreen.storyboard; sourceTree = "<group>"; };
		EDF7207920AD3FA700675140 /* Info.plist */ = {isa = PBXFileReference; lastKnownFileType = text.plist.xml; path = Info.plist; sourceTree = "<group>"; };
		EDF7207E20AD3FA700675140 /* CommunAphasiaTests.xctest */ = {isa = PBXFileReference; explicitFileType = wrapper.cfbundle; includeInIndex = 0; path = CommunAphasiaTests.xctest; sourceTree = BUILT_PRODUCTS_DIR; };
		EDF7208220AD3FA700675140 /* Aphasia_comTests.swift */ = {isa = PBXFileReference; lastKnownFileType = sourcecode.swift; path = Aphasia_comTests.swift; sourceTree = "<group>"; };
		EDF7208420AD3FA700675140 /* Info.plist */ = {isa = PBXFileReference; lastKnownFileType = text.plist.xml; path = Info.plist; sourceTree = "<group>"; };
		EDF7208920AD3FA700675140 /* CommunAphasiaUITests.xctest */ = {isa = PBXFileReference; explicitFileType = wrapper.cfbundle; includeInIndex = 0; path = CommunAphasiaUITests.xctest; sourceTree = BUILT_PRODUCTS_DIR; };
		EDF7208D20AD3FA700675140 /* Aphasia_comUITests.swift */ = {isa = PBXFileReference; lastKnownFileType = sourcecode.swift; path = Aphasia_comUITests.swift; sourceTree = "<group>"; };
		EDF7208F20AD3FA700675140 /* Info.plist */ = {isa = PBXFileReference; lastKnownFileType = text.plist.xml; path = Info.plist; sourceTree = "<group>"; };
		EDFA3AE120B8ED6800F6DBBD /* Enums.swift */ = {isa = PBXFileReference; fileEncoding = 4; lastKnownFileType = sourcecode.swift; path = Enums.swift; sourceTree = "<group>"; };
		EDFA3AE920B8ED9100F6DBBD /* images.txt */ = {isa = PBXFileReference; fileEncoding = 4; lastKnownFileType = text; path = images.txt; sourceTree = SOURCE_ROOT; };
		EDFA3AEC20B8EF7600F6DBBD /* apple.png */ = {isa = PBXFileReference; lastKnownFileType = image.png; path = apple.png; sourceTree = "<group>"; };
		EDFA3AEE20B8EF8C00F6DBBD /* car_sedan.png */ = {isa = PBXFileReference; lastKnownFileType = image.png; path = car_sedan.png; sourceTree = "<group>"; };
		EDFA3AF020B8EF9400F6DBBD /* food_breakfast.png */ = {isa = PBXFileReference; lastKnownFileType = image.png; path = food_breakfast.png; sourceTree = "<group>"; };
		EDFA3AF220B8EF9900F6DBBD /* food_dinner.png */ = {isa = PBXFileReference; lastKnownFileType = image.png; path = food_dinner.png; sourceTree = "<group>"; };
		EDFA3AF420B8EF9D00F6DBBD /* food_lunch.png */ = {isa = PBXFileReference; lastKnownFileType = image.png; path = food_lunch.png; sourceTree = "<group>"; };
		EDFA3AF620B8EFB500F6DBBD /* man_silhouette.png */ = {isa = PBXFileReference; lastKnownFileType = image.png; path = man_silhouette.png; sourceTree = "<group>"; };
		EDFA3AF820B8EFB900F6DBBD /* woman_silhouette.png */ = {isa = PBXFileReference; lastKnownFileType = image.png; path = woman_silhouette.png; sourceTree = "<group>"; };
		EFC3CF3A076B9B9ECBF5E986 /* Pods_CommunAphasiaTests.framework */ = {isa = PBXFileReference; explicitFileType = wrapper.framework; includeInIndex = 0; path = Pods_CommunAphasiaTests.framework; sourceTree = BUILT_PRODUCTS_DIR; };
/* End PBXFileReference section */

/* Begin PBXFrameworksBuildPhase section */
		EDF7206720AD3FA700675140 /* Frameworks */ = {
			isa = PBXFrameworksBuildPhase;
			buildActionMask = 2147483647;
			files = (
				524D0BBE20B100A000EC19E7 /* SQLite.framework in Frameworks */,
				350128F3A295C53A1CAFF245 /* Pods_CommunAphasia.framework in Frameworks */,
			);
			runOnlyForDeploymentPostprocessing = 0;
		};
		EDF7207B20AD3FA700675140 /* Frameworks */ = {
			isa = PBXFrameworksBuildPhase;
			buildActionMask = 2147483647;
			files = (
				1ECD88D6E8328C8E0C4BF8F8 /* Pods_CommunAphasiaTests.framework in Frameworks */,
			);
			runOnlyForDeploymentPostprocessing = 0;
		};
		EDF7208620AD3FA700675140 /* Frameworks */ = {
			isa = PBXFrameworksBuildPhase;
			buildActionMask = 2147483647;
			files = (
				C6A703F1BCD7433A51648374 /* Pods_CommunAphasiaUITests.framework in Frameworks */,
			);
			runOnlyForDeploymentPostprocessing = 0;
		};
/* End PBXFrameworksBuildPhase section */

/* Begin PBXGroup section */
		524D0BA320B0FFB700EC19E7 /* SQLite Resources */ = {
			isa = PBXGroup;
			children = (
				524D0BA420B1004400EC19E7 /* SQLite.xcodeproj */,
			);
			path = "SQLite Resources";
			sourceTree = "<group>";
		};
		524D0BA520B1004400EC19E7 /* Products */ = {
			isa = PBXGroup;
			children = (
				524D0BAF20B1004500EC19E7 /* SQLite.framework */,
				524D0BB120B1004500EC19E7 /* SQLiteTests iOS.xctest */,
				524D0BB320B1004500EC19E7 /* SQLite.framework */,
				524D0BB520B1004500EC19E7 /* SQLiteTests Mac.xctest */,
				524D0BB720B1004500EC19E7 /* SQLite.framework */,
				524D0BB920B1004500EC19E7 /* SQLiteTests tvOS.xctest */,
				524D0BBB20B1004500EC19E7 /* SQLite.framework */,
			);
			name = Products;
			sourceTree = "<group>";
		};
		524D0BBC20B1009100EC19E7 /* Frameworks */ = {
			isa = PBXGroup;
			children = (
				E3BC353A412C7C423E9C949C /* Pods_CommunAphasia.framework */,
				EFC3CF3A076B9B9ECBF5E986 /* Pods_CommunAphasiaTests.framework */,
				A79D07EB33DC05DE37E7F40C /* Pods_CommunAphasiaUITests.framework */,
			);
			name = Frameworks;
			sourceTree = "<group>";
		};
		C17B6AF12150996A004E0544 /* TutorialScripts */ = {
			isa = PBXGroup;
			children = (
				C17B6AFA21509A53004E0544 /* ImageInputTutorial.swift */,
				C1206F2021616CDB000D6411 /* TutorialPopup.swift */,
			);
			path = TutorialScripts;
			sourceTree = "<group>";
		};
		D289DEFA8D97519CF5B9D1C5 /* Pods */ = {
			isa = PBXGroup;
			children = (
				1637827B45069A98D7E57C1E /* Pods-CommunAphasia.debug.xcconfig */,
				0FD059D3126CBF970DAE1D24 /* Pods-CommunAphasia.release.xcconfig */,
				2F0F6888C2892AD920636A30 /* Pods-CommunAphasiaTests.debug.xcconfig */,
				744461CEF0C69985D168A3FD /* Pods-CommunAphasiaTests.release.xcconfig */,
				0E90579254723A11B7A36217 /* Pods-CommunAphasiaUITests.debug.xcconfig */,
				7EB385D32A9FEAE503364359 /* Pods-CommunAphasiaUITests.release.xcconfig */,
			);
			name = Pods;
			sourceTree = "<group>";
		};
		ED27975F20B7C7C0001AF14C /* Images */ = {
			isa = PBXGroup;
			children = (
				ED27976020B7C7C0001AF14C /* Database images */,
			);
			path = Images;
			sourceTree = "<group>";
		};
		ED27976020B7C7C0001AF14C /* Database images */ = {
			isa = PBXGroup;
			children = (
				1951CB3C2121918A005D7892 /* talk.png */,
				19EE0305211FF79E008AEC64 /* he.png */,
				ED83F6FE2121320C0043251E /* bacon.png */,
				ED83F7002121320D0043251E /* donut.png */,
				ED83F6FD2121320C0043251E /* egg.png */,
				ED83F6FF2121320D0043251E /* pancake.png */,
				ED83F7012121320D0043251E /* sandwich.png */,
				ED83F6F62121320C0043251E /* toast.png */,
				ED83F7022121320D0043251E /* water.png */,
				19EE0300211FF79D008AEC64 /* it.png */,
				19EE02F9211FF79D008AEC64 /* she.png */,
				19EE0302211FF79D008AEC64 /* they.png */,
				19EE0301211FF79D008AEC64 /* we.png */,
				19EE0304211FF79E008AEC64 /* you.png */,
				195AEB6A211D082A00E5AA04 /* want.png */,
				195AEB66211D070600E5AA04 /* fast.png */,
				195AEB67211D070600E5AA04 /* waiting.jpg */,
				44856EFB20BBF90D0035C01A /* i.jpg */,
				44856EE720BBD0600035C01A /* call.png */,
				44856EE820BBD0600035C01A /* eat.png */,
				44856EE020BBD0600035C01A /* sleep.png */,
				EDFA3AEC20B8EF7600F6DBBD /* apple.png */,
				EDFA3AEE20B8EF8C00F6DBBD /* car_sedan.png */,
				ED27976620B7C7C0001AF14C /* basketball.png */,
				ED27976520B7C7C0001AF14C /* cat_silhouette.png */,
				EDFA3AF020B8EF9400F6DBBD /* food_breakfast.png */,
				ED27976220B7C7C0001AF14C /* cow.png */,
				ED27976120B7C7C0001AF14C /* deer_silhouette.png */,
				EDFA3AF220B8EF9900F6DBBD /* food_dinner.png */,
				ED27976920B7C7C0001AF14C /* fish.png */,
				ED83F6CE212110180043251E /* angry.png */,
				ED83F6D0212110180043251E /* cool.png */,
				ED83F6CC212110170043251E /* happy.png */,
				ED83F6DC2121103A0043251E /* sleepy.jpg */,
				ED83F6CA212110170043251E /* laughing.png */,
				ED83F6C2212110170043251E /* love.png */,
				ED83F6D1212110180043251E /* sad.jpg */,
				ED83F6CB212110170043251E /* scared.png */,
				ED83F6CF212110180043251E /* sick.png */,
				ED83F6CD212110170043251E /* surprised.png */,
				ED83F6C9212110170043251E /* thinking.png */,
				EDFA3AF620B8EFB500F6DBBD /* man_silhouette.png */,
				ED27976320B7C7C0001AF14C /* image placeholder.png */,
				ED27976820B7C7C0001AF14C /* pencil.png */,
				EDFA3AF420B8EF9D00F6DBBD /* food_lunch.png */,
				EDFA3AF820B8EFB900F6DBBD /* woman_silhouette.png */,
				19EE02EF211FDF52008AEC64 /* can.png */,
				19EE02E6211FDF51008AEC64 /* may.jpg */,
				19EE02ED211FDF51008AEC64 /* need.png */,
				19EE02EE211FDF51008AEC64 /* should.png */,
				ED83F6E021211C5B0043251E /* black.png */,
				ED83F6DE21211C5B0043251E /* brown.png */,
				ED83F6E421211C5B0043251E /* gray.png */,
				ED83F6E521211C5B0043251E /* green.png */,
				ED83F6E121211C5B0043251E /* orange.png */,
				ED83F6E221211C5B0043251E /* pink.png */,
				ED83F6E721211C5C0043251E /* purple.png */,
				ED83F6DF21211C5B0043251E /* red.png */,
				ED83F6F221211E530043251E /* blue.png */,
				ED83F6E621211C5B0043251E /* white.png */,
				ED83F6E321211C5B0043251E /* yellow.png */,
				ED27976720B7C7C0001AF14C /* soda_can.png */,
				ED27976420B7C7C0001AF14C /* tree_silhouette.png */,
				44856EF420BBE8890035C01A /* big.png */,
				ED74CAB421194B5100850E9F /* small.png */,
			);
			path = "Database images";
			sourceTree = "<group>";
		};
		ED4168CD20B7BEAC003B449A /* ScriptsFolder */ = {
			isa = PBXGroup;
			children = (
				ED4168D020B7BEAC003B449A /* Algorithm Scripts */,
				ED4168D220B7BEAC003B449A /* UI Scripts */,
			);
			path = ScriptsFolder;
			sourceTree = "<group>";
		};
		ED4168D020B7BEAC003B449A /* Algorithm Scripts */ = {
			isa = PBXGroup;
			children = (
				EDFA3AE120B8ED6800F6DBBD /* Enums.swift */,
				601DEB6220BA7A7E00FF2778 /* ImageToText.swift */,
				ED4168D120B7BEAC003B449A /* Utility.swift */,
			);
			path = "Algorithm Scripts";
			sourceTree = "<group>";
		};
		ED4168D220B7BEAC003B449A /* UI Scripts */ = {
			isa = PBXGroup;
			children = (
				ED52CBF2215DDD6C00BFA147 /* heroTests */,
				C17B6AF12150996A004E0544 /* TutorialScripts */,
				ED720AC42121859F004A3BA4 /* Animations.swift */,
				ED61065F20BA38C1003C4904 /* Cells */,
				ED61065820BA389A003C4904 /* ViewControllers */,
			);
			path = "UI Scripts";
			sourceTree = "<group>";
		};
		ED52CBF2215DDD6C00BFA147 /* heroTests */ = {
			isa = PBXGroup;
			children = (
				ED52CBF9215DDD8D00BFA147 /* VC.swift */,
				ED52CBFB215DDDB100BFA147 /* VC2.swift */,
			);
			path = heroTests;
			sourceTree = "<group>";
		};
		ED61065820BA389A003C4904 /* ViewControllers */ = {
			isa = PBXGroup;
			children = (
				ED4168D820B7BEAC003B449A /* ImageInput_ViewController.swift */,
				ED4168D720B7BEAC003B449A /* ImageResult_ViewController.swift */,
				ED4168D520B7BEAC003B449A /* MainMenu_ViewController.swift */,
				ED4168D420B7BEAC003B449A /* TextInput_ViewController.swift */,
				ED4168D620B7BEAC003B449A /* TextResult_ViewController.swift */,
				ED61067220BA4995003C4904 /* SinglePlural_ViewController.swift */,
				C153B974211C0011008E5451 /* Tense_ViewController.swift */,
			);
			path = ViewControllers;
			sourceTree = "<group>";
		};
		ED61065F20BA38C1003C4904 /* Cells */ = {
			isa = PBXGroup;
			children = (
				C10CBC0E2115557300A66995 /* ImageCell.swift */,
			);
			path = Cells;
			sourceTree = "<group>";
		};
		EDF7206120AD3FA700675140 = {
			isa = PBXGroup;
			children = (
				EDFA3AE920B8ED9100F6DBBD /* images.txt */,
				EDF7206C20AD3FA700675140 /* CommunAphasia */,
				EDF7208120AD3FA700675140 /* CommunAphasiaTests */,
				EDF7208C20AD3FA700675140 /* CommunAphasiaUITests */,
				EDF7206B20AD3FA700675140 /* Products */,
				524D0BA320B0FFB700EC19E7 /* SQLite Resources */,
				524D0BBC20B1009100EC19E7 /* Frameworks */,
				D289DEFA8D97519CF5B9D1C5 /* Pods */,
			);
			sourceTree = "<group>";
		};
		EDF7206B20AD3FA700675140 /* Products */ = {
			isa = PBXGroup;
			children = (
				EDF7206A20AD3FA700675140 /* CommunAphasia.app */,
				EDF7207E20AD3FA700675140 /* CommunAphasiaTests.xctest */,
				EDF7208920AD3FA700675140 /* CommunAphasiaUITests.xctest */,
			);
			name = Products;
			sourceTree = "<group>";
		};
		EDF7206C20AD3FA700675140 /* CommunAphasia */ = {
			isa = PBXGroup;
			children = (
				EDEEBF782117CB6500D46B33 /* Assets.xcassets */,
				ED27975F20B7C7C0001AF14C /* Images */,
				ED4168CD20B7BEAC003B449A /* ScriptsFolder */,
				EDF7206D20AD3FA700675140 /* AppDelegate.swift */,
				EDF7207120AD3FA700675140 /* Main.storyboard */,
				EDF7207620AD3FA700675140 /* LaunchScreen.storyboard */,
				EDA393DD2155EE42000E18F5 /* IPhoneStoryboard.storyboard */,
				EDF7207920AD3FA700675140 /* Info.plist */,
			);
			path = CommunAphasia;
			sourceTree = "<group>";
		};
		EDF7208120AD3FA700675140 /* CommunAphasiaTests */ = {
			isa = PBXGroup;
			children = (
				EDF7208220AD3FA700675140 /* Aphasia_comTests.swift */,
				EDF7208420AD3FA700675140 /* Info.plist */,
			);
			path = CommunAphasiaTests;
			sourceTree = "<group>";
		};
		EDF7208C20AD3FA700675140 /* CommunAphasiaUITests */ = {
			isa = PBXGroup;
			children = (
				EDF7208D20AD3FA700675140 /* Aphasia_comUITests.swift */,
				EDF7208F20AD3FA700675140 /* Info.plist */,
			);
			path = CommunAphasiaUITests;
			sourceTree = "<group>";
		};
/* End PBXGroup section */

/* Begin PBXNativeTarget section */
		EDF7206920AD3FA700675140 /* CommunAphasia */ = {
			isa = PBXNativeTarget;
			buildConfigurationList = EDF7209220AD3FA700675140 /* Build configuration list for PBXNativeTarget "CommunAphasia" */;
			buildPhases = (
				9FCFA85B6DF19E09E6E7EF4F /* [CP] Check Pods Manifest.lock */,
				EDF7206620AD3FA700675140 /* Sources */,
				EDF7206720AD3FA700675140 /* Frameworks */,
				EDF7206820AD3FA700675140 /* Resources */,
				524D0BC220B100A100EC19E7 /* Embed Frameworks */,
				62E09BE7B38FC6574D3D5904 /* [CP] Embed Pods Frameworks */,
			);
			buildRules = (
			);
			dependencies = (
				524D0BC120B100A000EC19E7 /* PBXTargetDependency */,
			);
			name = CommunAphasia;
			productName = Aphasia_com;
			productReference = EDF7206A20AD3FA700675140 /* CommunAphasia.app */;
			productType = "com.apple.product-type.application";
		};
		EDF7207D20AD3FA700675140 /* CommunAphasiaTests */ = {
			isa = PBXNativeTarget;
			buildConfigurationList = EDF7209520AD3FA700675140 /* Build configuration list for PBXNativeTarget "CommunAphasiaTests" */;
			buildPhases = (
				BA0B6BFC11A2635142C57441 /* [CP] Check Pods Manifest.lock */,
				EDF7207A20AD3FA700675140 /* Sources */,
				EDF7207B20AD3FA700675140 /* Frameworks */,
				EDF7207C20AD3FA700675140 /* Resources */,
			);
			buildRules = (
			);
			dependencies = (
				EDF7208020AD3FA700675140 /* PBXTargetDependency */,
			);
			name = CommunAphasiaTests;
			productName = Aphasia_comTests;
			productReference = EDF7207E20AD3FA700675140 /* CommunAphasiaTests.xctest */;
			productType = "com.apple.product-type.bundle.unit-test";
		};
		EDF7208820AD3FA700675140 /* CommunAphasiaUITests */ = {
			isa = PBXNativeTarget;
			buildConfigurationList = EDF7209820AD3FA700675140 /* Build configuration list for PBXNativeTarget "CommunAphasiaUITests" */;
			buildPhases = (
				EAC088DD988CD8FB63496857 /* [CP] Check Pods Manifest.lock */,
				EDF7208520AD3FA700675140 /* Sources */,
				EDF7208620AD3FA700675140 /* Frameworks */,
				EDF7208720AD3FA700675140 /* Resources */,
			);
			buildRules = (
			);
			dependencies = (
				EDF7208B20AD3FA700675140 /* PBXTargetDependency */,
			);
			name = CommunAphasiaUITests;
			productName = Aphasia_comUITests;
			productReference = EDF7208920AD3FA700675140 /* CommunAphasiaUITests.xctest */;
			productType = "com.apple.product-type.bundle.ui-testing";
		};
/* End PBXNativeTarget section */

/* Begin PBXProject section */
		EDF7206220AD3FA700675140 /* Project object */ = {
			isa = PBXProject;
			attributes = {
				LastSwiftUpdateCheck = 0830;
				LastUpgradeCheck = 0940;
				ORGANIZATIONNAME = Cosc345;
				TargetAttributes = {
					EDF7206920AD3FA700675140 = {
						CreatedOnToolsVersion = 8.3.3;
						DevelopmentTeam = 5GYA7CS533;
						LastSwiftMigration = 0930;
						ProvisioningStyle = Automatic;
					};
					EDF7207D20AD3FA700675140 = {
						CreatedOnToolsVersion = 8.3.3;
						LastSwiftMigration = 0930;
						ProvisioningStyle = Automatic;
						TestTargetID = EDF7206920AD3FA700675140;
					};
					EDF7208820AD3FA700675140 = {
						CreatedOnToolsVersion = 8.3.3;
						LastSwiftMigration = 0930;
						ProvisioningStyle = Automatic;
						TestTargetID = EDF7206920AD3FA700675140;
					};
				};
			};
			buildConfigurationList = EDF7206520AD3FA700675140 /* Build configuration list for PBXProject "CommunAphasia" */;
			compatibilityVersion = "Xcode 3.2";
			developmentRegion = English;
			hasScannedForEncodings = 0;
			knownRegions = (
				en,
				Base,
			);
			mainGroup = EDF7206120AD3FA700675140;
			productRefGroup = EDF7206B20AD3FA700675140 /* Products */;
			projectDirPath = "";
			projectReferences = (
				{
					ProductGroup = 524D0BA520B1004400EC19E7 /* Products */;
					ProjectRef = 524D0BA420B1004400EC19E7 /* SQLite.xcodeproj */;
				},
			);
			projectRoot = "";
			targets = (
				EDF7206920AD3FA700675140 /* CommunAphasia */,
				EDF7207D20AD3FA700675140 /* CommunAphasiaTests */,
				EDF7208820AD3FA700675140 /* CommunAphasiaUITests */,
			);
		};
/* End PBXProject section */

/* Begin PBXReferenceProxy section */
		524D0BAF20B1004500EC19E7 /* SQLite.framework */ = {
			isa = PBXReferenceProxy;
			fileType = wrapper.framework;
			path = SQLite.framework;
			remoteRef = 524D0BAE20B1004500EC19E7 /* PBXContainerItemProxy */;
			sourceTree = BUILT_PRODUCTS_DIR;
		};
		524D0BB120B1004500EC19E7 /* SQLiteTests iOS.xctest */ = {
			isa = PBXReferenceProxy;
			fileType = wrapper.cfbundle;
			path = "SQLiteTests iOS.xctest";
			remoteRef = 524D0BB020B1004500EC19E7 /* PBXContainerItemProxy */;
			sourceTree = BUILT_PRODUCTS_DIR;
		};
		524D0BB320B1004500EC19E7 /* SQLite.framework */ = {
			isa = PBXReferenceProxy;
			fileType = wrapper.framework;
			path = SQLite.framework;
			remoteRef = 524D0BB220B1004500EC19E7 /* PBXContainerItemProxy */;
			sourceTree = BUILT_PRODUCTS_DIR;
		};
		524D0BB520B1004500EC19E7 /* SQLiteTests Mac.xctest */ = {
			isa = PBXReferenceProxy;
			fileType = wrapper.cfbundle;
			path = "SQLiteTests Mac.xctest";
			remoteRef = 524D0BB420B1004500EC19E7 /* PBXContainerItemProxy */;
			sourceTree = BUILT_PRODUCTS_DIR;
		};
		524D0BB720B1004500EC19E7 /* SQLite.framework */ = {
			isa = PBXReferenceProxy;
			fileType = wrapper.framework;
			path = SQLite.framework;
			remoteRef = 524D0BB620B1004500EC19E7 /* PBXContainerItemProxy */;
			sourceTree = BUILT_PRODUCTS_DIR;
		};
		524D0BB920B1004500EC19E7 /* SQLiteTests tvOS.xctest */ = {
			isa = PBXReferenceProxy;
			fileType = wrapper.cfbundle;
			path = "SQLiteTests tvOS.xctest";
			remoteRef = 524D0BB820B1004500EC19E7 /* PBXContainerItemProxy */;
			sourceTree = BUILT_PRODUCTS_DIR;
		};
		524D0BBB20B1004500EC19E7 /* SQLite.framework */ = {
			isa = PBXReferenceProxy;
			fileType = wrapper.framework;
			path = SQLite.framework;
			remoteRef = 524D0BBA20B1004500EC19E7 /* PBXContainerItemProxy */;
			sourceTree = BUILT_PRODUCTS_DIR;
		};
/* End PBXReferenceProxy section */

/* Begin PBXResourcesBuildPhase section */
		EDF7206820AD3FA700675140 /* Resources */ = {
			isa = PBXResourcesBuildPhase;
			buildActionMask = 2147483647;
			files = (
				60249A1F20B91CC100BBC5FC /* images.txt in Resources */,
				EDFA3AEF20B8EF8C00F6DBBD /* car_sedan.png in Resources */,
				ED27977420B7C7C0001AF14C /* fish.png in Resources */,
				ED83F6EF21211C5C0043251E /* green.png in Resources */,
				EDFA3AF920B8EFB900F6DBBD /* woman_silhouette.png in Resources */,
				19EE030C211FF79E008AEC64 /* he.png in Resources */,
				ED83F6D2212110180043251E /* love.png in Resources */,
				ED83F6F321211E530043251E /* blue.png in Resources */,
				ED27977320B7C7C0001AF14C /* pencil.png in Resources */,
				EDFA3AF520B8EF9D00F6DBBD /* food_lunch.png in Resources */,
				ED83F6D9212110180043251E /* sick.png in Resources */,
				EDFA3AED20B8EF7700F6DBBD /* apple.png in Resources */,
				44856EF820BBE8890035C01A /* big.png in Resources */,
				ED83F6E821211C5C0043251E /* brown.png in Resources */,
				19EE02F1211FDF52008AEC64 /* need.png in Resources */,
				ED27976E20B7C7C0001AF14C /* image placeholder.png in Resources */,
				ED83F7072121320D0043251E /* donut.png in Resources */,
				ED83F6D5212110180043251E /* scared.png in Resources */,
				44856EE920BBD0600035C01A /* sleep.png in Resources */,
				ED83F6F121211C5C0043251E /* purple.png in Resources */,
				ED83F6DD2121103B0043251E /* sleepy.jpg in Resources */,
				ED83F7082121320D0043251E /* sandwich.png in Resources */,
				ED83F7062121320D0043251E /* pancake.png in Resources */,
				ED83F6EB21211C5C0043251E /* orange.png in Resources */,
				ED83F6E921211C5C0043251E /* red.png in Resources */,
				ED83F6D6212110180043251E /* happy.png in Resources */,
				19EE0309211FF79E008AEC64 /* they.png in Resources */,
				19EE0307211FF79E008AEC64 /* it.png in Resources */,
				19EE02F3211FDF52008AEC64 /* can.png in Resources */,
				195AEB6B211D082A00E5AA04 /* want.png in Resources */,
				EDA393DF2155EE43000E18F5 /* IPhoneStoryboard.storyboard in Resources */,
				EDF7207820AD3FA700675140 /* LaunchScreen.storyboard in Resources */,
				ED83F6D3212110180043251E /* thinking.png in Resources */,
				1951CB432121918B005D7892 /* talk.png in Resources */,
				ED27977220B7C7C0001AF14C /* soda_can.png in Resources */,
				44856EEB20BBD0600035C01A /* eat.png in Resources */,
				195AEB68211D070600E5AA04 /* fast.png in Resources */,
				ED83F6EA21211C5C0043251E /* black.png in Resources */,
				ED83F6D4212110180043251E /* laughing.png in Resources */,
				ED83F6DA212110180043251E /* cool.png in Resources */,
				19EE02F2211FDF52008AEC64 /* should.png in Resources */,
				19EE0306211FF79E008AEC64 /* she.png in Resources */,
				19EE030B211FF79E008AEC64 /* you.png in Resources */,
				ED27976C20B7C7C0001AF14C /* deer_silhouette.png in Resources */,
				ED83F6EC21211C5C0043251E /* pink.png in Resources */,
				ED83F6D8212110180043251E /* angry.png in Resources */,
				ED27976F20B7C7C0001AF14C /* tree_silhouette.png in Resources */,
				44856EEA20BBD0600035C01A /* call.png in Resources */,
				19EE0308211FF79E008AEC64 /* we.png in Resources */,
				ED83F6ED21211C5C0043251E /* yellow.png in Resources */,
				ED74CAB521194B5100850E9F /* small.png in Resources */,
				ED27977120B7C7C0001AF14C /* basketball.png in Resources */,
				EDFA3AF120B8EF9500F6DBBD /* food_breakfast.png in Resources */,
				EDEEBF7F2117CB6600D46B33 /* Assets.xcassets in Resources */,
				195AEB69211D070600E5AA04 /* waiting.jpg in Resources */,
				ED27977020B7C7C0001AF14C /* cat_silhouette.png in Resources */,
				44856EFC20BBF90D0035C01A /* i.jpg in Resources */,
				EDFA3AF320B8EF9900F6DBBD /* food_dinner.png in Resources */,
				ED83F7032121320D0043251E /* toast.png in Resources */,
				ED83F6EE21211C5C0043251E /* gray.png in Resources */,
				ED27976D20B7C7C0001AF14C /* cow.png in Resources */,
				19EE02F0211FDF52008AEC64 /* may.jpg in Resources */,
				ED83F7042121320D0043251E /* egg.png in Resources */,
				EDFA3AF720B8EFB500F6DBBD /* man_silhouette.png in Resources */,
				ED83F6DB212110180043251E /* sad.jpg in Resources */,
				ED83F6F021211C5C0043251E /* white.png in Resources */,
				EDF7207320AD3FA700675140 /* Main.storyboard in Resources */,
				ED83F6D7212110180043251E /* surprised.png in Resources */,
				ED83F7052121320D0043251E /* bacon.png in Resources */,
				ED83F7092121320D0043251E /* water.png in Resources */,
			);
			runOnlyForDeploymentPostprocessing = 0;
		};
		EDF7207C20AD3FA700675140 /* Resources */ = {
			isa = PBXResourcesBuildPhase;
			buildActionMask = 2147483647;
			files = (
				EDFA3AEA20B8ED9100F6DBBD /* images.txt in Resources */,
			);
			runOnlyForDeploymentPostprocessing = 0;
		};
		EDF7208720AD3FA700675140 /* Resources */ = {
			isa = PBXResourcesBuildPhase;
			buildActionMask = 2147483647;
			files = (
			);
			runOnlyForDeploymentPostprocessing = 0;
		};
/* End PBXResourcesBuildPhase section */

/* Begin PBXShellScriptBuildPhase section */
		62E09BE7B38FC6574D3D5904 /* [CP] Embed Pods Frameworks */ = {
			isa = PBXShellScriptBuildPhase;
			buildActionMask = 2147483647;
			files = (
			);
			inputPaths = (
				"${SRCROOT}/Pods/Target Support Files/Pods-CommunAphasia/Pods-CommunAphasia-frameworks.sh",
				"${BUILT_PRODUCTS_DIR}/Hero/Hero.framework",
			);
			name = "[CP] Embed Pods Frameworks";
			outputPaths = (
				"${TARGET_BUILD_DIR}/${FRAMEWORKS_FOLDER_PATH}/Hero.framework",
			);
			runOnlyForDeploymentPostprocessing = 0;
			shellPath = /bin/sh;
			shellScript = "\"${SRCROOT}/Pods/Target Support Files/Pods-CommunAphasia/Pods-CommunAphasia-frameworks.sh\"\n";
			showEnvVarsInLog = 0;
		};
		9FCFA85B6DF19E09E6E7EF4F /* [CP] Check Pods Manifest.lock */ = {
			isa = PBXShellScriptBuildPhase;
			buildActionMask = 2147483647;
			files = (
			);
			inputPaths = (
				"${PODS_PODFILE_DIR_PATH}/Podfile.lock",
				"${PODS_ROOT}/Manifest.lock",
			);
			name = "[CP] Check Pods Manifest.lock";
			outputPaths = (
				"$(DERIVED_FILE_DIR)/Pods-CommunAphasia-checkManifestLockResult.txt",
			);
			runOnlyForDeploymentPostprocessing = 0;
			shellPath = /bin/sh;
			shellScript = "diff \"${PODS_PODFILE_DIR_PATH}/Podfile.lock\" \"${PODS_ROOT}/Manifest.lock\" > /dev/null\nif [ $? != 0 ] ; then\n    # print error to STDERR\n    echo \"error: The sandbox is not in sync with the Podfile.lock. Run 'pod install' or update your CocoaPods installation.\" >&2\n    exit 1\nfi\n# This output is used by Xcode 'outputs' to avoid re-running this script phase.\necho \"SUCCESS\" > \"${SCRIPT_OUTPUT_FILE_0}\"\n";
			showEnvVarsInLog = 0;
		};
		BA0B6BFC11A2635142C57441 /* [CP] Check Pods Manifest.lock */ = {
			isa = PBXShellScriptBuildPhase;
			buildActionMask = 2147483647;
			files = (
			);
			inputPaths = (
				"${PODS_PODFILE_DIR_PATH}/Podfile.lock",
				"${PODS_ROOT}/Manifest.lock",
			);
			name = "[CP] Check Pods Manifest.lock";
			outputPaths = (
				"$(DERIVED_FILE_DIR)/Pods-CommunAphasiaTests-checkManifestLockResult.txt",
			);
			runOnlyForDeploymentPostprocessing = 0;
			shellPath = /bin/sh;
			shellScript = "diff \"${PODS_PODFILE_DIR_PATH}/Podfile.lock\" \"${PODS_ROOT}/Manifest.lock\" > /dev/null\nif [ $? != 0 ] ; then\n    # print error to STDERR\n    echo \"error: The sandbox is not in sync with the Podfile.lock. Run 'pod install' or update your CocoaPods installation.\" >&2\n    exit 1\nfi\n# This output is used by Xcode 'outputs' to avoid re-running this script phase.\necho \"SUCCESS\" > \"${SCRIPT_OUTPUT_FILE_0}\"\n";
			showEnvVarsInLog = 0;
		};
		EAC088DD988CD8FB63496857 /* [CP] Check Pods Manifest.lock */ = {
			isa = PBXShellScriptBuildPhase;
			buildActionMask = 2147483647;
			files = (
			);
			inputPaths = (
				"${PODS_PODFILE_DIR_PATH}/Podfile.lock",
				"${PODS_ROOT}/Manifest.lock",
			);
			name = "[CP] Check Pods Manifest.lock";
			outputPaths = (
				"$(DERIVED_FILE_DIR)/Pods-CommunAphasiaUITests-checkManifestLockResult.txt",
			);
			runOnlyForDeploymentPostprocessing = 0;
			shellPath = /bin/sh;
			shellScript = "diff \"${PODS_PODFILE_DIR_PATH}/Podfile.lock\" \"${PODS_ROOT}/Manifest.lock\" > /dev/null\nif [ $? != 0 ] ; then\n    # print error to STDERR\n    echo \"error: The sandbox is not in sync with the Podfile.lock. Run 'pod install' or update your CocoaPods installation.\" >&2\n    exit 1\nfi\n# This output is used by Xcode 'outputs' to avoid re-running this script phase.\necho \"SUCCESS\" > \"${SCRIPT_OUTPUT_FILE_0}\"\n";
			showEnvVarsInLog = 0;
		};
/* End PBXShellScriptBuildPhase section */

/* Begin PBXSourcesBuildPhase section */
		EDF7206620AD3FA700675140 /* Sources */ = {
			isa = PBXSourcesBuildPhase;
			buildActionMask = 2147483647;
			files = (
				ED4168DD20B7BEAD003B449A /* MainMenu_ViewController.swift in Sources */,
				ED4168DC20B7BEAD003B449A /* TextInput_ViewController.swift in Sources */,
				EDF7206E20AD3FA700675140 /* AppDelegate.swift in Sources */,
				ED61067320BA4995003C4904 /* SinglePlural_ViewController.swift in Sources */,
				ED4168DE20B7BEAD003B449A /* TextResult_ViewController.swift in Sources */,
				EDFA3AE820B8ED6900F6DBBD /* Enums.swift in Sources */,
				C153B975211C0011008E5451 /* Tense_ViewController.swift in Sources */,
				ED720AC52121859F004A3BA4 /* Animations.swift in Sources */,
				ED52CBFA215DDD8D00BFA147 /* VC.swift in Sources */,
				ED4168DF20B7BEAD003B449A /* ImageResult_ViewController.swift in Sources */,
				ED4168E020B7BEAD003B449A /* ImageInput_ViewController.swift in Sources */,
				C1206F2121616CDB000D6411 /* TutorialPopup.swift in Sources */,
				C10CBC0F2115557300A66995 /* ImageCell.swift in Sources */,
				601DEB6920BA7A7E00FF2778 /* ImageToText.swift in Sources */,
				C17B6AFB21509A53004E0544 /* ImageInputTutorial.swift in Sources */,
				ED4168DA20B7BEAD003B449A /* Utility.swift in Sources */,
				ED52CBFC215DDDB100BFA147 /* VC2.swift in Sources */,
			);
			runOnlyForDeploymentPostprocessing = 0;
		};
		EDF7207A20AD3FA700675140 /* Sources */ = {
			isa = PBXSourcesBuildPhase;
			buildActionMask = 2147483647;
			files = (
				EDF7208320AD3FA700675140 /* Aphasia_comTests.swift in Sources */,
			);
			runOnlyForDeploymentPostprocessing = 0;
		};
		EDF7208520AD3FA700675140 /* Sources */ = {
			isa = PBXSourcesBuildPhase;
			buildActionMask = 2147483647;
			files = (
				EDF7208E20AD3FA700675140 /* Aphasia_comUITests.swift in Sources */,
			);
			runOnlyForDeploymentPostprocessing = 0;
		};
/* End PBXSourcesBuildPhase section */

/* Begin PBXTargetDependency section */
		524D0BC120B100A000EC19E7 /* PBXTargetDependency */ = {
			isa = PBXTargetDependency;
			name = "SQLite iOS";
			targetProxy = 524D0BC020B100A000EC19E7 /* PBXContainerItemProxy */;
		};
		EDF7208020AD3FA700675140 /* PBXTargetDependency */ = {
			isa = PBXTargetDependency;
			target = EDF7206920AD3FA700675140 /* CommunAphasia */;
			targetProxy = EDF7207F20AD3FA700675140 /* PBXContainerItemProxy */;
		};
		EDF7208B20AD3FA700675140 /* PBXTargetDependency */ = {
			isa = PBXTargetDependency;
			target = EDF7206920AD3FA700675140 /* CommunAphasia */;
			targetProxy = EDF7208A20AD3FA700675140 /* PBXContainerItemProxy */;
		};
/* End PBXTargetDependency section */

/* Begin PBXVariantGroup section */
		EDA393DD2155EE42000E18F5 /* IPhoneStoryboard.storyboard */ = {
			isa = PBXVariantGroup;
			children = (
				EDA393DE2155EE42000E18F5 /* Base */,
			);
			name = IPhoneStoryboard.storyboard;
			sourceTree = "<group>";
		};
		EDF7207120AD3FA700675140 /* Main.storyboard */ = {
			isa = PBXVariantGroup;
			children = (
				EDF7207220AD3FA700675140 /* Base */,
			);
			name = Main.storyboard;
			sourceTree = "<group>";
		};
		EDF7207620AD3FA700675140 /* LaunchScreen.storyboard */ = {
			isa = PBXVariantGroup;
			children = (
				EDF7207720AD3FA700675140 /* Base */,
			);
			name = LaunchScreen.storyboard;
			sourceTree = "<group>";
		};
/* End PBXVariantGroup section */

/* Begin XCBuildConfiguration section */
		EDF7209020AD3FA700675140 /* Debug */ = {
			isa = XCBuildConfiguration;
			buildSettings = {
				ALWAYS_SEARCH_USER_PATHS = NO;
				CLANG_ANALYZER_NONNULL = YES;
				CLANG_ANALYZER_NUMBER_OBJECT_CONVERSION = YES_AGGRESSIVE;
				CLANG_CXX_LANGUAGE_STANDARD = "gnu++0x";
				CLANG_CXX_LIBRARY = "libc++";
				CLANG_ENABLE_MODULES = YES;
				CLANG_ENABLE_OBJC_ARC = YES;
				CLANG_WARN_BLOCK_CAPTURE_AUTORELEASING = YES;
				CLANG_WARN_BOOL_CONVERSION = YES;
				CLANG_WARN_COMMA = YES;
				CLANG_WARN_CONSTANT_CONVERSION = YES;
				CLANG_WARN_DEPRECATED_OBJC_IMPLEMENTATIONS = YES;
				CLANG_WARN_DIRECT_OBJC_ISA_USAGE = YES_ERROR;
				CLANG_WARN_DOCUMENTATION_COMMENTS = YES;
				CLANG_WARN_EMPTY_BODY = YES;
				CLANG_WARN_ENUM_CONVERSION = YES;
				CLANG_WARN_INFINITE_RECURSION = YES;
				CLANG_WARN_INT_CONVERSION = YES;
				CLANG_WARN_NON_LITERAL_NULL_CONVERSION = YES;
				CLANG_WARN_OBJC_IMPLICIT_RETAIN_SELF = YES;
				CLANG_WARN_OBJC_LITERAL_CONVERSION = YES;
				CLANG_WARN_OBJC_ROOT_CLASS = YES_ERROR;
				CLANG_WARN_RANGE_LOOP_ANALYSIS = YES;
				CLANG_WARN_STRICT_PROTOTYPES = YES;
				CLANG_WARN_SUSPICIOUS_MOVE = YES;
				CLANG_WARN_UNREACHABLE_CODE = YES;
				CLANG_WARN__DUPLICATE_METHOD_MATCH = YES;
				"CODE_SIGN_IDENTITY[sdk=iphoneos*]" = "iPhone Developer";
				COPY_PHASE_STRIP = NO;
				DEBUG_INFORMATION_FORMAT = dwarf;
				ENABLE_STRICT_OBJC_MSGSEND = YES;
				ENABLE_TESTABILITY = YES;
				GCC_C_LANGUAGE_STANDARD = gnu99;
				GCC_DYNAMIC_NO_PIC = NO;
				GCC_NO_COMMON_BLOCKS = YES;
				GCC_OPTIMIZATION_LEVEL = 0;
				GCC_PREPROCESSOR_DEFINITIONS = (
					"DEBUG=1",
					"$(inherited)",
				);
				GCC_WARN_64_TO_32_BIT_CONVERSION = YES;
				GCC_WARN_ABOUT_RETURN_TYPE = YES_ERROR;
				GCC_WARN_UNDECLARED_SELECTOR = YES;
				GCC_WARN_UNINITIALIZED_AUTOS = YES_AGGRESSIVE;
				GCC_WARN_UNUSED_FUNCTION = YES;
				GCC_WARN_UNUSED_VARIABLE = YES;
				IPHONEOS_DEPLOYMENT_TARGET = 10.3;
				MTL_ENABLE_DEBUG_INFO = YES;
				ONLY_ACTIVE_ARCH = YES;
				SDKROOT = iphoneos;
				SWIFT_ACTIVE_COMPILATION_CONDITIONS = DEBUG;
				SWIFT_OPTIMIZATION_LEVEL = "-Onone";
				SWIFT_SWIFT3_OBJC_INFERENCE = Default;
				SWIFT_VERSION = 4.0;
				TARGETED_DEVICE_FAMILY = "1,2";
			};
			name = Debug;
		};
		EDF7209120AD3FA700675140 /* Release */ = {
			isa = XCBuildConfiguration;
			buildSettings = {
				ALWAYS_SEARCH_USER_PATHS = NO;
				CLANG_ANALYZER_NONNULL = YES;
				CLANG_ANALYZER_NUMBER_OBJECT_CONVERSION = YES_AGGRESSIVE;
				CLANG_CXX_LANGUAGE_STANDARD = "gnu++0x";
				CLANG_CXX_LIBRARY = "libc++";
				CLANG_ENABLE_MODULES = YES;
				CLANG_ENABLE_OBJC_ARC = YES;
				CLANG_WARN_BLOCK_CAPTURE_AUTORELEASING = YES;
				CLANG_WARN_BOOL_CONVERSION = YES;
				CLANG_WARN_COMMA = YES;
				CLANG_WARN_CONSTANT_CONVERSION = YES;
				CLANG_WARN_DEPRECATED_OBJC_IMPLEMENTATIONS = YES;
				CLANG_WARN_DIRECT_OBJC_ISA_USAGE = YES_ERROR;
				CLANG_WARN_DOCUMENTATION_COMMENTS = YES;
				CLANG_WARN_EMPTY_BODY = YES;
				CLANG_WARN_ENUM_CONVERSION = YES;
				CLANG_WARN_INFINITE_RECURSION = YES;
				CLANG_WARN_INT_CONVERSION = YES;
				CLANG_WARN_NON_LITERAL_NULL_CONVERSION = YES;
				CLANG_WARN_OBJC_IMPLICIT_RETAIN_SELF = YES;
				CLANG_WARN_OBJC_LITERAL_CONVERSION = YES;
				CLANG_WARN_OBJC_ROOT_CLASS = YES_ERROR;
				CLANG_WARN_RANGE_LOOP_ANALYSIS = YES;
				CLANG_WARN_STRICT_PROTOTYPES = YES;
				CLANG_WARN_SUSPICIOUS_MOVE = YES;
				CLANG_WARN_UNREACHABLE_CODE = YES;
				CLANG_WARN__DUPLICATE_METHOD_MATCH = YES;
				"CODE_SIGN_IDENTITY[sdk=iphoneos*]" = "iPhone Developer";
				COPY_PHASE_STRIP = NO;
				DEBUG_INFORMATION_FORMAT = "dwarf-with-dsym";
				ENABLE_NS_ASSERTIONS = NO;
				ENABLE_STRICT_OBJC_MSGSEND = YES;
				GCC_C_LANGUAGE_STANDARD = gnu99;
				GCC_NO_COMMON_BLOCKS = YES;
				GCC_WARN_64_TO_32_BIT_CONVERSION = YES;
				GCC_WARN_ABOUT_RETURN_TYPE = YES_ERROR;
				GCC_WARN_UNDECLARED_SELECTOR = YES;
				GCC_WARN_UNINITIALIZED_AUTOS = YES_AGGRESSIVE;
				GCC_WARN_UNUSED_FUNCTION = YES;
				GCC_WARN_UNUSED_VARIABLE = YES;
				IPHONEOS_DEPLOYMENT_TARGET = 10.3;
				MTL_ENABLE_DEBUG_INFO = NO;
				SDKROOT = iphoneos;
				SWIFT_OPTIMIZATION_LEVEL = "-Owholemodule";
				SWIFT_SWIFT3_OBJC_INFERENCE = Default;
				SWIFT_VERSION = 4.0;
				TARGETED_DEVICE_FAMILY = "1,2";
				VALIDATE_PRODUCT = YES;
			};
			name = Release;
		};
		EDF7209320AD3FA700675140 /* Debug */ = {
			isa = XCBuildConfiguration;
			baseConfigurationReference = 1637827B45069A98D7E57C1E /* Pods-CommunAphasia.debug.xcconfig */;
			buildSettings = {
				ALWAYS_EMBED_SWIFT_STANDARD_LIBRARIES = YES;
				ASSETCATALOG_COMPILER_APPICON_NAME = AppIcon;
				CODE_SIGN_IDENTITY = "iPhone Developer";
				CODE_SIGN_STYLE = Automatic;
				DEVELOPMENT_TEAM = 5GYA7CS533;
				INFOPLIST_FILE = CommunAphasia/Info.plist;
				IPHONEOS_DEPLOYMENT_TARGET = 9.1;
				LD_RUNPATH_SEARCH_PATHS = "$(inherited) @executable_path/Frameworks";
				PRODUCT_BUNDLE_IDENTIFIER = com.communAphasia;
				PRODUCT_NAME = "$(TARGET_NAME)";
				PROVISIONING_PROFILE_SPECIFIER = "";
				SWIFT_SWIFT3_OBJC_INFERENCE = Default;
				SWIFT_VERSION = 4.0;
				TARGETED_DEVICE_FAMILY = 2;
			};
			name = Debug;
		};
		EDF7209420AD3FA700675140 /* Release */ = {
			isa = XCBuildConfiguration;
			baseConfigurationReference = 0FD059D3126CBF970DAE1D24 /* Pods-CommunAphasia.release.xcconfig */;
			buildSettings = {
				ALWAYS_EMBED_SWIFT_STANDARD_LIBRARIES = YES;
				ASSETCATALOG_COMPILER_APPICON_NAME = AppIcon;
				CODE_SIGN_IDENTITY = "iPhone Developer";
				CODE_SIGN_STYLE = Automatic;
				DEVELOPMENT_TEAM = 5GYA7CS533;
				INFOPLIST_FILE = CommunAphasia/Info.plist;
				IPHONEOS_DEPLOYMENT_TARGET = 9.1;
				LD_RUNPATH_SEARCH_PATHS = "$(inherited) @executable_path/Frameworks";
				PRODUCT_BUNDLE_IDENTIFIER = com.communAphasia;
				PRODUCT_NAME = "$(TARGET_NAME)";
				PROVISIONING_PROFILE_SPECIFIER = "";
				SWIFT_SWIFT3_OBJC_INFERENCE = Default;
				SWIFT_VERSION = 4.0;
				TARGETED_DEVICE_FAMILY = 2;
			};
			name = Release;
		};
		EDF7209620AD3FA700675140 /* Debug */ = {
			isa = XCBuildConfiguration;
			baseConfigurationReference = 2F0F6888C2892AD920636A30 /* Pods-CommunAphasiaTests.debug.xcconfig */;
			buildSettings = {
				ALWAYS_EMBED_SWIFT_STANDARD_LIBRARIES = YES;
				BUNDLE_LOADER = "$(TEST_HOST)";
				INFOPLIST_FILE = Aphasia_comTests/Info.plist;
				LD_RUNPATH_SEARCH_PATHS = "$(inherited) @executable_path/Frameworks @loader_path/Frameworks";
				PRODUCT_BUNDLE_IDENTIFIER = "Cosc345.Aphasia-comTests";
				PRODUCT_NAME = "$(TARGET_NAME)";
				SWIFT_SWIFT3_OBJC_INFERENCE = On;
				SWIFT_VERSION = 4.0;
				TEST_HOST = "$(BUILT_PRODUCTS_DIR)/CommunAphasia.app/CommunAphasia";
			};
			name = Debug;
		};
		EDF7209720AD3FA700675140 /* Release */ = {
			isa = XCBuildConfiguration;
			baseConfigurationReference = 744461CEF0C69985D168A3FD /* Pods-CommunAphasiaTests.release.xcconfig */;
			buildSettings = {
				ALWAYS_EMBED_SWIFT_STANDARD_LIBRARIES = YES;
				BUNDLE_LOADER = "$(TEST_HOST)";
				INFOPLIST_FILE = Aphasia_comTests/Info.plist;
				LD_RUNPATH_SEARCH_PATHS = "$(inherited) @executable_path/Frameworks @loader_path/Frameworks";
				PRODUCT_BUNDLE_IDENTIFIER = "Cosc345.Aphasia-comTests";
				PRODUCT_NAME = "$(TARGET_NAME)";
				SWIFT_SWIFT3_OBJC_INFERENCE = On;
				SWIFT_VERSION = 4.0;
				TEST_HOST = "$(BUILT_PRODUCTS_DIR)/CommunAphasia.app/CommunAphasia";
			};
			name = Release;
		};
		EDF7209920AD3FA700675140 /* Debug */ = {
			isa = XCBuildConfiguration;
			baseConfigurationReference = 0E90579254723A11B7A36217 /* Pods-CommunAphasiaUITests.debug.xcconfig */;
			buildSettings = {
				ALWAYS_EMBED_SWIFT_STANDARD_LIBRARIES = YES;
				INFOPLIST_FILE = Aphasia_comUITests/Info.plist;
				LD_RUNPATH_SEARCH_PATHS = "$(inherited) @executable_path/Frameworks @loader_path/Frameworks";
				PRODUCT_BUNDLE_IDENTIFIER = "Cosc345.Aphasia-comUITests";
				PRODUCT_NAME = "$(TARGET_NAME)";
				SWIFT_SWIFT3_OBJC_INFERENCE = On;
				SWIFT_VERSION = 4.0;
				TEST_TARGET_NAME = Aphasia_com;
			};
			name = Debug;
		};
		EDF7209A20AD3FA700675140 /* Release */ = {
			isa = XCBuildConfiguration;
			baseConfigurationReference = 7EB385D32A9FEAE503364359 /* Pods-CommunAphasiaUITests.release.xcconfig */;
			buildSettings = {
				ALWAYS_EMBED_SWIFT_STANDARD_LIBRARIES = YES;
				INFOPLIST_FILE = Aphasia_comUITests/Info.plist;
				LD_RUNPATH_SEARCH_PATHS = "$(inherited) @executable_path/Frameworks @loader_path/Frameworks";
				PRODUCT_BUNDLE_IDENTIFIER = "Cosc345.Aphasia-comUITests";
				PRODUCT_NAME = "$(TARGET_NAME)";
				SWIFT_SWIFT3_OBJC_INFERENCE = On;
				SWIFT_VERSION = 4.0;
				TEST_TARGET_NAME = Aphasia_com;
			};
			name = Release;
		};
/* End XCBuildConfiguration section */

/* Begin XCConfigurationList section */
		EDF7206520AD3FA700675140 /* Build configuration list for PBXProject "CommunAphasia" */ = {
			isa = XCConfigurationList;
			buildConfigurations = (
				EDF7209020AD3FA700675140 /* Debug */,
				EDF7209120AD3FA700675140 /* Release */,
			);
			defaultConfigurationIsVisible = 0;
			defaultConfigurationName = Release;
		};
		EDF7209220AD3FA700675140 /* Build configuration list for PBXNativeTarget "CommunAphasia" */ = {
			isa = XCConfigurationList;
			buildConfigurations = (
				EDF7209320AD3FA700675140 /* Debug */,
				EDF7209420AD3FA700675140 /* Release */,
			);
			defaultConfigurationIsVisible = 0;
			defaultConfigurationName = Release;
		};
		EDF7209520AD3FA700675140 /* Build configuration list for PBXNativeTarget "CommunAphasiaTests" */ = {
			isa = XCConfigurationList;
			buildConfigurations = (
				EDF7209620AD3FA700675140 /* Debug */,
				EDF7209720AD3FA700675140 /* Release */,
			);
			defaultConfigurationIsVisible = 0;
			defaultConfigurationName = Release;
		};
		EDF7209820AD3FA700675140 /* Build configuration list for PBXNativeTarget "CommunAphasiaUITests" */ = {
			isa = XCConfigurationList;
			buildConfigurations = (
				EDF7209920AD3FA700675140 /* Debug */,
				EDF7209A20AD3FA700675140 /* Release */,
			);
			defaultConfigurationIsVisible = 0;
			defaultConfigurationName = Release;
		};
/* End XCConfigurationList section */
	};
	rootObject = EDF7206220AD3FA700675140 /* Project object */;
}
